# THIS IS AN AUTOGENERATED FILE. DO NOT EDIT THIS FILE DIRECTLY.
# yarn lockfile v1


fswin@^2.16.1102:
  version "2.17.1227"
  resolved "https://registry.yarnpkg.com/fswin/-/fswin-2.17.1227.tgz#c598061e1ac1e7110e2e6ce884296efa27dc2507"

jquery@x.*:
  version "3.3.1"
  resolved "https://registry.yarnpkg.com/jquery/-/jquery-3.3.1.tgz#958ce29e81c9790f31be7792df5d4d95fc57fbca"

semantic-ui-css@^2.3.1:
  version "2.3.1"
  resolved "https://registry.yarnpkg.com/semantic-ui-css/-/semantic-ui-css-2.3.1.tgz#a5485c640c98cce29d8ddde3eff3434566a068e0"
  dependencies:
    jquery x.*

winattr@^2.0.0:
  version "2.0.0"
  resolved "https://registry.yarnpkg.com/winattr/-/winattr-2.0.0.tgz#553d4e347c8c598551a8d7032eefe36526bd5026"
  dependencies:
    fswin "^2.16.1102"
